
Microsoft Visual Studio Solution File, Format Version 12.00
# Visual Studio Version 16
VisualStudioVersion = 16.0.32428.217
MinimumVisualStudioVersion = 10.0.40219.1
Project("{FAE04EC0-301F-11D3-BF4B-00C04F79EFBC}") = "EgyszamjatekKonzol", "EgyszamjatekKonzol\EgyszamjatekKonzol.csproj", "{4AC77F1D-B4E3-4D21-AF65-0C1AD7151143}"
EndProject
Project("{FAE04EC0-301F-11D3-BF4B-00C04F79EFBC}") = "egyszamjatekGUI", "egyszamjatekGUI\egyszamjatekGUI.csproj", "{5A4DDA25-C2DB-48C8-98F4-ED929CE6A39F}"
EndProject
Global
	GlobalSection(SolutionConfigurationPlatforms) = preSolution
		Debug|Any CPU = Debug|Any CPU
		Release|Any CPU = Release|Any CPU
	EndGlobalSection
	GlobalSection(ProjectConfigurationPlatforms) = postSolution
		{4AC77F1D-B4E3-4D21-AF65-0C1AD7151143}.Debug|Any CPU.ActiveCfg = Debug|Any CPU
		{4AC77F1D-B4E3-4D21-AF65-0C1AD7151143}.Debug|Any CPU.Build.0 = Debug|Any CPU
		{4AC77F1D-B4E3-4D21-AF65-0C1AD7151143}.Release|Any CPU.ActiveCfg = Release|Any CPU
		{4AC77F1D-B4E3-4D21-AF65-0C1AD7151143}.Release|Any CPU.Build.0 = Release|Any CPU
		{5A4DDA25-C2DB-48C8-98F4-ED929CE6A39F}.Debug|Any CPU.ActiveCfg = Debug|Any CPU
		{5A4DDA25-C2DB-48C8-98F4-ED929CE6A39F}.Debug|Any CPU.Build.0 = Debug|Any CPU
		{5A4DDA25-C2DB-48C8-98F4-ED929CE6A39F}.Release|Any CPU.ActiveCfg = Release|Any CPU
		{5A4DDA25-C2DB-48C8-98F4-ED929CE6A39F}.Release|Any CPU.Build.0 = Release|Any CPU
	EndGlobalSection
	GlobalSection(SolutionProperties) = preSolution
		HideSolutionNode = FALSE
	EndGlobalSection
	GlobalSection(ExtensibilityGlobals) = postSolution
		SolutionGuid = {FCA4AA60-8DE0-4230-B5B0-C436CE1138DC}
	EndGlobalSection
EndGlobal
